
Microsoft Visual Studio Solution File, Format Version 12.00
# Visual Studio Version 17
VisualStudioVersion = 17.8.34309.116
MinimumVisualStudioVersion = 10.0.40219.1
Project("{FAE04EC0-301F-11D3-BF4B-00C04F79EFBC}") = "6502", "H:\6502\6502\6502.csproj", "{43F68F59-D313-4E11-8A22-2958461AC586}"
EndProject
Global
	GlobalSection(SolutionConfigurationPlatforms) = preSolution
		Debug|Any CPU = Debug|Any CPU
		Release|Any CPU = Release|Any CPU
	EndGlobalSection
	GlobalSection(ProjectConfigurationPlatforms) = postSolution
		{43F68F59-D313-4E11-8A22-2958461AC586}.Debug|Any CPU.ActiveCfg = Debug|Any CPU
		{43F68F59-D313-4E11-8A22-2958461AC586}.Debug|Any CPU.Build.0 = Debug|Any CPU
		{43F68F59-D313-4E11-8A22-2958461AC586}.Release|Any CPU.ActiveCfg = Release|Any CPU
		{43F68F59-D313-4E11-8A22-2958461AC586}.Release|Any CPU.Build.0 = Release|Any CPU
	EndGlobalSection
	GlobalSection(SolutionProperties) = preSolution
		HideSolutionNode = FALSE
	EndGlobalSection
	GlobalSection(ExtensibilityGlobals) = postSolution
		SolutionGuid = {179FFE2B-49EB-41FE-8697-EA3C8CAB8716}
	EndGlobalSection
EndGlobal
